
Microsoft Visual Studio Solution File, Format Version 12.00
# Visual Studio Version 17
VisualStudioVersion = 17.10.35013.160
MinimumVisualStudioVersion = 10.0.40219.1
Project("{FAE04EC0-301F-11D3-BF4B-00C04F79EFBC}") = "AwesomeNetwork", "AwesomeNetwork\AwesomeNetwork.csproj", "{FF97F4A4-08C3-4A62-8EE0-E65D986593E8}"
EndProject
Global
	GlobalSection(SolutionConfigurationPlatforms) = preSolution
		Debug|Any CPU = Debug|Any CPU
		Release|Any CPU = Release|Any CPU
	EndGlobalSection
	GlobalSection(ProjectConfigurationPlatforms) = postSolution
		{FF97F4A4-08C3-4A62-8EE0-E65D986593E8}.Debug|Any CPU.ActiveCfg = Debug|Any CPU
		{FF97F4A4-08C3-4A62-8EE0-E65D986593E8}.Debug|Any CPU.Build.0 = Debug|Any CPU
		{FF97F4A4-08C3-4A62-8EE0-E65D986593E8}.Release|Any CPU.ActiveCfg = Release|Any CPU
		{FF97F4A4-08C3-4A62-8EE0-E65D986593E8}.Release|Any CPU.Build.0 = Release|Any CPU
	EndGlobalSection
	GlobalSection(SolutionProperties) = preSolution
		HideSolutionNode = FALSE
	EndGlobalSection
	GlobalSection(ExtensibilityGlobals) = postSolution
		SolutionGuid = {FD41EB1F-DEC1-44F1-984A-A85A3F2A059E}
	EndGlobalSection
EndGlobal
